
Microsoft Visual Studio Solution File, Format Version 12.00
# Visual Studio Version 17
VisualStudioVersion = 17.13.35931.197 d17.13
MinimumVisualStudioVersion = 10.0.40219.1
Project("{FAE04EC0-301F-11D3-BF4B-00C04F79EFBC}") = "GunStoreIMS.API", "GunStoreIMS.API.csproj", "{B92FA32B-3DB2-D0AE-271F-6D1B52481C0C}"
EndProject
Project("{FAE04EC0-301F-11D3-BF4B-00C04F79EFBC}") = "GunStoreIMS.Application", "..\FireArmsIMS.Application\GunStoreIMS.Application.csproj", "{9D6C4FF8-14EF-904D-275B-0F05C9B263C0}"
EndProject
Project("{FAE04EC0-301F-11D3-BF4B-00C04F79EFBC}") = "GunStoreIMS.Domain", "..\FireArmsIMS.Domain\GunStoreIMS.Domain.csproj", "{119E1352-37C6-063D-5BE0-FA7EC1739A6D}"
EndProject
Project("{FAE04EC0-301F-11D3-BF4B-00C04F79EFBC}") = "GunStoreIMS.Infrastructure", "..\FireArmsIMS.Infrastructure\GunStoreIMS.Infrastructure.csproj", "{CD1E3937-2EDA-6B9F-1C0B-15599147E24E}"
EndProject
Project("{FAE04EC0-301F-11D3-BF4B-00C04F79EFBC}") = "GunStoreIMS.Persistence", "..\FireArmsIMS.Persistence\GunStoreIMS.Persistence.csproj", "{10944A1B-060E-47B3-6CA1-68232822B331}"
EndProject
Global
	GlobalSection(SolutionConfigurationPlatforms) = preSolution
		Debug|Any CPU = Debug|Any CPU
		Release|Any CPU = Release|Any CPU
	EndGlobalSection
	GlobalSection(ProjectConfigurationPlatforms) = postSolution
		{B92FA32B-3DB2-D0AE-271F-6D1B52481C0C}.Debug|Any CPU.ActiveCfg = Debug|Any CPU
		{B92FA32B-3DB2-D0AE-271F-6D1B52481C0C}.Debug|Any CPU.Build.0 = Debug|Any CPU
		{B92FA32B-3DB2-D0AE-271F-6D1B52481C0C}.Release|Any CPU.ActiveCfg = Release|Any CPU
		{B92FA32B-3DB2-D0AE-271F-6D1B52481C0C}.Release|Any CPU.Build.0 = Release|Any CPU
		{9D6C4FF8-14EF-904D-275B-0F05C9B263C0}.Debug|Any CPU.ActiveCfg = Debug|Any CPU
		{9D6C4FF8-14EF-904D-275B-0F05C9B263C0}.Debug|Any CPU.Build.0 = Debug|Any CPU
		{9D6C4FF8-14EF-904D-275B-0F05C9B263C0}.Release|Any CPU.ActiveCfg = Release|Any CPU
		{9D6C4FF8-14EF-904D-275B-0F05C9B263C0}.Release|Any CPU.Build.0 = Release|Any CPU
		{119E1352-37C6-063D-5BE0-FA7EC1739A6D}.Debug|Any CPU.ActiveCfg = Debug|Any CPU
		{119E1352-37C6-063D-5BE0-FA7EC1739A6D}.Debug|Any CPU.Build.0 = Debug|Any CPU
		{119E1352-37C6-063D-5BE0-FA7EC1739A6D}.Release|Any CPU.ActiveCfg = Release|Any CPU
		{119E1352-37C6-063D-5BE0-FA7EC1739A6D}.Release|Any CPU.Build.0 = Release|Any CPU
		{CD1E3937-2EDA-6B9F-1C0B-15599147E24E}.Debug|Any CPU.ActiveCfg = Debug|Any CPU
		{CD1E3937-2EDA-6B9F-1C0B-15599147E24E}.Debug|Any CPU.Build.0 = Debug|Any CPU
		{CD1E3937-2EDA-6B9F-1C0B-15599147E24E}.Release|Any CPU.ActiveCfg = Release|Any CPU
		{CD1E3937-2EDA-6B9F-1C0B-15599147E24E}.Release|Any CPU.Build.0 = Release|Any CPU
		{10944A1B-060E-47B3-6CA1-68232822B331}.Debug|Any CPU.ActiveCfg = Debug|Any CPU
		{10944A1B-060E-47B3-6CA1-68232822B331}.Debug|Any CPU.Build.0 = Debug|Any CPU
		{10944A1B-060E-47B3-6CA1-68232822B331}.Release|Any CPU.ActiveCfg = Release|Any CPU
		{10944A1B-060E-47B3-6CA1-68232822B331}.Release|Any CPU.Build.0 = Release|Any CPU
	EndGlobalSection
	GlobalSection(SolutionProperties) = preSolution
		HideSolutionNode = FALSE
	EndGlobalSection
	GlobalSection(ExtensibilityGlobals) = postSolution
		SolutionGuid = {1CC81E2B-07BB-4994-AE18-A96AA4BDFC39}
	EndGlobalSection
EndGlobal
